
Microsoft Visual Studio Solution File, Format Version 10.00
# Visual Studio 2008
Project("{8BC9CEB8-8B4A-11D0-8D11-00A0C91BC942}") = "FullDemo(VC2008_Qt4)", "Full_VC2008_Qt4\RDLiveSdkDemo.vcproj", "{CD26FD08-4B3A-4F84-88D7-7955108B4A93}"
EndProject
Project("{8BC9CEB8-8B4A-11D0-8D11-00A0C91BC942}") = "SimpleDemo", "Simple_VC2008_Win32\SimpleDemo.vcproj", "{149DC42C-7056-4273-863A-28CEE0198C61}"
EndProject
Global
	GlobalSection(SolutionConfigurationPlatforms) = preSolution
		Debug|Win32 = Debug|Win32
		Release|Win32 = Release|Win32
	EndGlobalSection
	GlobalSection(ProjectConfigurationPlatforms) = postSolution
		{CD26FD08-4B3A-4F84-88D7-7955108B4A93}.Debug|Win32.ActiveCfg = Debug|Win32
		{CD26FD08-4B3A-4F84-88D7-7955108B4A93}.Debug|Win32.Build.0 = Debug|Win32
		{CD26FD08-4B3A-4F84-88D7-7955108B4A93}.Release|Win32.ActiveCfg = Release|Win32
		{CD26FD08-4B3A-4F84-88D7-7955108B4A93}.Release|Win32.Build.0 = Release|Win32
		{149DC42C-7056-4273-863A-28CEE0198C61}.Debug|Win32.ActiveCfg = Debug|Win32
		{149DC42C-7056-4273-863A-28CEE0198C61}.Debug|Win32.Build.0 = Debug|Win32
		{149DC42C-7056-4273-863A-28CEE0198C61}.Release|Win32.ActiveCfg = Release|Win32
		{149DC42C-7056-4273-863A-28CEE0198C61}.Release|Win32.Build.0 = Release|Win32
	EndGlobalSection
	GlobalSection(SolutionProperties) = preSolution
		HideSolutionNode = FALSE
	EndGlobalSection
EndGlobal
